
Microsoft Visual Studio Solution File, Format Version 12.00
# Visual Studio Version 17
Project("{8BC9CEB8-8B4A-11D0-8D11-00A0C91BC942}") = "ALL_BUILD", "ALL_BUILD.vcxproj", "{42D4B698-9C90-3EAB-B348-9C16910B79AB}"
	ProjectSection(ProjectDependencies) = postProject
		{591AC9EB-03AC-3F38-AEC0-8CC3EE2ECA0C} = {591AC9EB-03AC-3F38-AEC0-8CC3EE2ECA0C}
		{21671FD4-A88E-31CA-BF57-DA2697091C18} = {21671FD4-A88E-31CA-BF57-DA2697091C18}
	EndProjectSection
EndProject
Project("{8BC9CEB8-8B4A-11D0-8D11-00A0C91BC942}") = "INSTALL", "INSTALL.vcxproj", "{56BBB0FC-310D-32C8-93F4-1613F432FA65}"
	ProjectSection(ProjectDependencies) = postProject
		{42D4B698-9C90-3EAB-B348-9C16910B79AB} = {42D4B698-9C90-3EAB-B348-9C16910B79AB}
		{21671FD4-A88E-31CA-BF57-DA2697091C18} = {21671FD4-A88E-31CA-BF57-DA2697091C18}
	EndProjectSection
EndProject
Project("{8BC9CEB8-8B4A-11D0-8D11-00A0C91BC942}") = "WindowsKeys", "WindowsKeys.vcxproj", "{591AC9EB-03AC-3F38-AEC0-8CC3EE2ECA0C}"
	ProjectSection(ProjectDependencies) = postProject
		{21671FD4-A88E-31CA-BF57-DA2697091C18} = {21671FD4-A88E-31CA-BF57-DA2697091C18}
	EndProjectSection
EndProject
Project("{8BC9CEB8-8B4A-11D0-8D11-00A0C91BC942}") = "ZERO_CHECK", "ZERO_CHECK.vcxproj", "{21671FD4-A88E-31CA-BF57-DA2697091C18}"
	ProjectSection(ProjectDependencies) = postProject
	EndProjectSection
EndProject
Global
	GlobalSection(SolutionConfigurationPlatforms) = preSolution
		Debug|x64 = Debug|x64
		Release|x64 = Release|x64
		MinSizeRel|x64 = MinSizeRel|x64
		RelWithDebInfo|x64 = RelWithDebInfo|x64
	EndGlobalSection
	GlobalSection(ProjectConfigurationPlatforms) = postSolution
		{42D4B698-9C90-3EAB-B348-9C16910B79AB}.Debug|x64.ActiveCfg = Debug|x64
		{42D4B698-9C90-3EAB-B348-9C16910B79AB}.Debug|x64.Build.0 = Debug|x64
		{42D4B698-9C90-3EAB-B348-9C16910B79AB}.Release|x64.ActiveCfg = Release|x64
		{42D4B698-9C90-3EAB-B348-9C16910B79AB}.Release|x64.Build.0 = Release|x64
		{42D4B698-9C90-3EAB-B348-9C16910B79AB}.MinSizeRel|x64.ActiveCfg = MinSizeRel|x64
		{42D4B698-9C90-3EAB-B348-9C16910B79AB}.MinSizeRel|x64.Build.0 = MinSizeRel|x64
		{42D4B698-9C90-3EAB-B348-9C16910B79AB}.RelWithDebInfo|x64.ActiveCfg = RelWithDebInfo|x64
		{42D4B698-9C90-3EAB-B348-9C16910B79AB}.RelWithDebInfo|x64.Build.0 = RelWithDebInfo|x64
		{56BBB0FC-310D-32C8-93F4-1613F432FA65}.Debug|x64.ActiveCfg = Debug|x64
		{56BBB0FC-310D-32C8-93F4-1613F432FA65}.Release|x64.ActiveCfg = Release|x64
		{56BBB0FC-310D-32C8-93F4-1613F432FA65}.MinSizeRel|x64.ActiveCfg = MinSizeRel|x64
		{56BBB0FC-310D-32C8-93F4-1613F432FA65}.RelWithDebInfo|x64.ActiveCfg = RelWithDebInfo|x64
		{591AC9EB-03AC-3F38-AEC0-8CC3EE2ECA0C}.Debug|x64.ActiveCfg = Debug|x64
		{591AC9EB-03AC-3F38-AEC0-8CC3EE2ECA0C}.Debug|x64.Build.0 = Debug|x64
		{591AC9EB-03AC-3F38-AEC0-8CC3EE2ECA0C}.Release|x64.ActiveCfg = Release|x64
		{591AC9EB-03AC-3F38-AEC0-8CC3EE2ECA0C}.Release|x64.Build.0 = Release|x64
		{591AC9EB-03AC-3F38-AEC0-8CC3EE2ECA0C}.MinSizeRel|x64.ActiveCfg = MinSizeRel|x64
		{591AC9EB-03AC-3F38-AEC0-8CC3EE2ECA0C}.MinSizeRel|x64.Build.0 = MinSizeRel|x64
		{591AC9EB-03AC-3F38-AEC0-8CC3EE2ECA0C}.RelWithDebInfo|x64.ActiveCfg = RelWithDebInfo|x64
		{591AC9EB-03AC-3F38-AEC0-8CC3EE2ECA0C}.RelWithDebInfo|x64.Build.0 = RelWithDebInfo|x64
		{21671FD4-A88E-31CA-BF57-DA2697091C18}.Debug|x64.ActiveCfg = Debug|x64
		{21671FD4-A88E-31CA-BF57-DA2697091C18}.Debug|x64.Build.0 = Debug|x64
		{21671FD4-A88E-31CA-BF57-DA2697091C18}.Release|x64.ActiveCfg = Release|x64
		{21671FD4-A88E-31CA-BF57-DA2697091C18}.Release|x64.Build.0 = Release|x64
		{21671FD4-A88E-31CA-BF57-DA2697091C18}.MinSizeRel|x64.ActiveCfg = MinSizeRel|x64
		{21671FD4-A88E-31CA-BF57-DA2697091C18}.MinSizeRel|x64.Build.0 = MinSizeRel|x64
		{21671FD4-A88E-31CA-BF57-DA2697091C18}.RelWithDebInfo|x64.ActiveCfg = RelWithDebInfo|x64
		{21671FD4-A88E-31CA-BF57-DA2697091C18}.RelWithDebInfo|x64.Build.0 = RelWithDebInfo|x64
	EndGlobalSection
	GlobalSection(ExtensibilityGlobals) = postSolution
		SolutionGuid = {F36E6413-B3FC-3DE7-B277-75FC80299C1B}
	EndGlobalSection
	GlobalSection(ExtensibilityAddIns) = postSolution
	EndGlobalSection
EndGlobal
